// !$*UTF8*$!
{
	archiveVersion = 1;
	classes = {
	};
	objectVersion = 55;
	objects = {

/* Begin PBXBuildFile section */
		B56FB7A7270B6C9D00922DEE /* AppDelegate.swift in Sources */ = {isa = PBXBuildFile; fileRef = B56FB7A6270B6C9D00922DEE /* AppDelegate.swift */; };
		B56FB7AB270B6C9D00922DEE /* TaskListViewController.swift in Sources */ = {isa = PBXBuildFile; fileRef = B56FB7AA270B6C9D00922DEE /* TaskListViewController.swift */; };
		B56FB7B1270B6C9D00922DEE /* CoreDataDemo.xcdatamodeld in Sources */ = {isa = PBXBuildFile; fileRef = B56FB7AF270B6C9D00922DEE /* CoreDataDemo.xcdatamodeld */; };
		B56FB7B3270B6CA000922DEE /* Assets.xcassets in Resources */ = {isa = PBXBuildFile; fileRef = B56FB7B2270B6CA000922DEE /* Assets.xcassets */; };
		B56FB7B6270B6CA000922DEE /* LaunchScreen.storyboard in Resources */ = {isa = PBXBuildFile; fileRef = B56FB7B4270B6CA000922DEE /* LaunchScreen.storyboard */; };
		B56FB7BE270B761000922DEE /* TaskViewController.swift in Sources */ = {isa = PBXBuildFile; fileRef = B56FB7BD270B761000922DEE /* TaskViewController.swift */; };
		B56FB7C5270C323900922DEE /* StorageManager.swift in Sources */ = {isa = PBXBuildFile; fileRef = B56FB7C4270C323900922DEE /* StorageManager.swift */; };
		B5EC744527106075009BDBDA /* AlertController.swift in Sources */ = {isa = PBXBuildFile; fileRef = B5EC744427106075009BDBDA /* AlertController.swift */; };
/* End PBXBuildFile section */

/* Begin PBXFileReference section */
		B56FB7A3270B6C9D00922DEE /* CoreDataDemo.app */ = {isa = PBXFileReference; explicitFileType = wrapper.application; includeInIndex = 0; path = CoreDataDemo.app; sourceTree = BUILT_PRODUCTS_DIR; };
		B56FB7A6270B6C9D00922DEE /* AppDelegate.swift */ = {isa = PBXFileReference; lastKnownFileType = sourcecode.swift; path = AppDelegate.swift; sourceTree = "<group>"; };
		B56FB7AA270B6C9D00922DEE /* TaskListViewController.swift */ = {isa = PBXFileReference; lastKnownFileType = sourcecode.swift; path = TaskListViewController.swift; sourceTree = "<group>"; };
		B56FB7B0270B6C9D00922DEE /* CoreDataDemo.xcdatamodel */ = {isa = PBXFileReference; lastKnownFileType = wrapper.xcdatamodel; path = CoreDataDemo.xcdatamodel; sourceTree = "<group>"; };
		B56FB7B2270B6CA000922DEE /* Assets.xcassets */ = {isa = PBXFileReference; lastKnownFileType = folder.assetcatalog; path = Assets.xcassets; sourceTree = "<group>"; };
		B56FB7B5270B6CA000922DEE /* Base */ = {isa = PBXFileReference; lastKnownFileType = file.storyboard; name = Base; path = Base.lproj/LaunchScreen.storyboard; sourceTree = "<group>"; };
		B56FB7B7270B6CA000922DEE /* Info.plist */ = {isa = PBXFileReference; lastKnownFileType = text.plist.xml; path = Info.plist; sourceTree = "<group>"; };
		B56FB7BD270B761000922DEE /* TaskViewController.swift */ = {isa = PBXFileReference; lastKnownFileType = sourcecode.swift; path = TaskViewController.swift; sourceTree = "<group>"; };
		B56FB7C4270C323900922DEE /* StorageManager.swift */ = {isa = PBXFileReference; lastKnownFileType = sourcecode.swift; path = StorageManager.swift; sourceTree = "<group>"; };
		B5EC744427106075009BDBDA /* AlertController.swift */ = {isa = PBXFileReference; lastKnownFileType = sourcecode.swift; path = AlertController.swift; sourceTree = "<group>"; };
/* End PBXFileReference section */

/* Begin PBXFrameworksBuildPhase section */
		B56FB7A0270B6C9D00922DEE /* Frameworks */ = {
			isa = PBXFrameworksBuildPhase;
			buildActionMask = 2147483647;
			files = (
			);
			runOnlyForDeploymentPostprocessing = 0;
		};
/* End PBXFrameworksBuildPhase section */

/* Begin PBXGroup section */
		B56FB79A270B6C9D00922DEE = {
			isa = PBXGroup;
			children = (
				B56FB7A5270B6C9D00922DEE /* CoreDataDemo */,
				B56FB7A4270B6C9D00922DEE /* Products */,
			);
			sourceTree = "<group>";
		};
		B56FB7A4270B6C9D00922DEE /* Products */ = {
			isa = PBXGroup;
			children = (
				B56FB7A3270B6C9D00922DEE /* CoreDataDemo.app */,
			);
			name = Products;
			sourceTree = "<group>";
		};
		B56FB7A5270B6C9D00922DEE /* CoreDataDemo */ = {
			isa = PBXGroup;
			children = (
				B5EC74462710802C009BDBDA /* Extensions */,
				B56FB7C0270C319E00922DEE /* ViewControllers */,
				B56FB7C6270C324100922DEE /* Services */,
				B56FB7C3270C31DD00922DEE /* Sources */,
				B56FB7BF270C319200922DEE /* App */,
				B56FB7C1270C31BB00922DEE /* Storyboards */,
				B56FB7C2270C31CC00922DEE /* CoreData */,
			);
			path = CoreDataDemo;
			sourceTree = "<group>";
		};
		B56FB7BF270C319200922DEE /* App */ = {
			isa = PBXGroup;
			children = (
				B56FB7A6270B6C9D00922DEE /* AppDelegate.swift */,
				B56FB7B7270B6CA000922DEE /* Info.plist */,
			);
			path = App;
			sourceTree = "<group>";
		};
		B56FB7C0270C319E00922DEE /* ViewControllers */ = {
			isa = PBXGroup;
			children = (
				B56FB7AA270B6C9D00922DEE /* TaskListViewController.swift */,
				B56FB7BD270B761000922DEE /* TaskViewController.swift */,
			);
			path = ViewControllers;
			sourceTree = "<group>";
		};
		B56FB7C1270C31BB00922DEE /* Storyboards */ = {
			isa = PBXGroup;
			children = (
				B56FB7B4270B6CA000922DEE /* LaunchScreen.storyboard */,
			);
			path = Storyboards;
			sourceTree = "<group>";
		};
		B56FB7C2270C31CC00922DEE /* CoreData */ = {
			isa = PBXGroup;
			children = (
				B56FB7AF270B6C9D00922DEE /* CoreDataDemo.xcdatamodeld */,
			);
			path = CoreData;
			sourceTree = "<group>";
		};
		B56FB7C3270C31DD00922DEE /* Sources */ = {
			isa = PBXGroup;
			children = (
				B56FB7B2270B6CA000922DEE /* Assets.xcassets */,
			);
			path = Sources;
			sourceTree = "<group>";
		};
		B56FB7C6270C324100922DEE /* Services */ = {
			isa = PBXGroup;
			children = (
				B56FB7C4270C323900922DEE /* StorageManager.swift */,
			);
			path = Services;
			sourceTree = "<group>";
		};
		B5EC74462710802C009BDBDA /* Extensions */ = {
			isa = PBXGroup;
			children = (
				B5EC744427106075009BDBDA /* AlertController.swift */,
			);
			path = Extensions;
			sourceTree = "<group>";
		};
/* End PBXGroup section */

/* Begin PBXNativeTarget section */
		B56FB7A2270B6C9D00922DEE /* CoreDataDemo */ = {
			isa = PBXNativeTarget;
			buildConfigurationList = B56FB7BA270B6CA000922DEE /* Build configuration list for PBXNativeTarget "CoreDataDemo" */;
			buildPhases = (
				B56FB79F270B6C9D00922DEE /* Sources */,
				B56FB7A0270B6C9D00922DEE /* Frameworks */,
				B56FB7A1270B6C9D00922DEE /* Resources */,
			);
			buildRules = (
			);
			dependencies = (
			);
			name = CoreDataDemo;
			productName = CoreDataDemo;
			productReference = B56FB7A3270B6C9D00922DEE /* CoreDataDemo.app */;
			productType = "com.apple.product-type.application";
		};
/* End PBXNativeTarget section */

/* Begin PBXProject section */
		B56FB79B270B6C9D00922DEE /* Project object */ = {
			isa = PBXProject;
			attributes = {
				BuildIndependentTargetsInParallel = 1;
				LastSwiftUpdateCheck = 1300;
				LastUpgradeCheck = 1300;
				TargetAttributes = {
					B56FB7A2270B6C9D00922DEE = {
						CreatedOnToolsVersion = 13.0;
					};
				};
			};
			buildConfigurationList = B56FB79E270B6C9D00922DEE /* Build configuration list for PBXProject "CoreDataDemo" */;
			compatibilityVersion = "Xcode 13.0";
			developmentRegion = en;
			hasScannedForEncodings = 0;
			knownRegions = (
				en,
				Base,
			);
			mainGroup = B56FB79A270B6C9D00922DEE;
			productRefGroup = B56FB7A4270B6C9D00922DEE /* Products */;
			projectDirPath = "";
			projectRoot = "";
			targets = (
				B56FB7A2270B6C9D00922DEE /* CoreDataDemo */,
			);
		};
/* End PBXProject section */

/* Begin PBXResourcesBuildPhase section */
		B56FB7A1270B6C9D00922DEE /* Resources */ = {
			isa = PBXResourcesBuildPhase;
			buildActionMask = 2147483647;
			files = (
				B56FB7B6270B6CA000922DEE /* LaunchScreen.storyboard in Resources */,
				B56FB7B3270B6CA000922DEE /* Assets.xcassets in Resources */,
			);
			runOnlyForDeploymentPostprocessing = 0;
		};
/* End PBXResourcesBuildPhase section */

/* Begin PBXSourcesBuildPhase section */
		B56FB79F270B6C9D00922DEE /* Sources */ = {
			isa = PBXSourcesBuildPhase;
			buildActionMask = 2147483647;
			files = (
				B56FB7AB270B6C9D00922DEE /* TaskListViewController.swift in Sources */,
				B56FB7BE270B761000922DEE /* TaskViewController.swift in Sources */,
				B56FB7C5270C323900922DEE /* StorageManager.swift in Sources */,
				B56FB7B1270B6C9D00922DEE /* CoreDataDemo.xcdatamodeld in Sources */,
				B5EC744527106075009BDBDA /* AlertController.swift in Sources */,
				B56FB7A7270B6C9D00922DEE /* AppDelegate.swift in Sources */,
			);
			runOnlyForDeploymentPostprocessing = 0;
		};
/* End PBXSourcesBuildPhase section */

/* Begin PBXVariantGroup section */
		B56FB7B4270B6CA000922DEE /* LaunchScreen.storyboard */ = {
			isa = PBXVariantGroup;
			children = (
				B56FB7B5270B6CA000922DEE /* Base */,
			);
			name = LaunchScreen.storyboard;
			sourceTree = "<group>";
		};
/* End PBXVariantGroup section */

/* Begin XCBuildConfiguration section */
		B56FB7B8270B6CA000922DEE /* Debug */ = {
			isa = XCBuildConfiguration;
			buildSettings = {
				ALWAYS_SEARCH_USER_PATHS = NO;
				CLANG_ANALYZER_NONNULL = YES;
				CLANG_ANALYZER_NUMBER_OBJECT_CONVERSION = YES_AGGRESSIVE;
				CLANG_CXX_LANGUAGE_STANDARD = "gnu++17";
				CLANG_CXX_LIBRARY = "libc++";
				CLANG_ENABLE_MODULES = YES;
				CLANG_ENABLE_OBJC_ARC = YES;
				CLANG_ENABLE_OBJC_WEAK = YES;
				CLANG_WARN_BLOCK_CAPTURE_AUTORELEASING = YES;
				CLANG_WARN_BOOL_CONVERSION = YES;
				CLANG_WARN_COMMA = YES;
				CLANG_WARN_CONSTANT_CONVERSION = YES;
				CLANG_WARN_DEPRECATED_OBJC_IMPLEMENTATIONS = YES;
				CLANG_WARN_DIRECT_OBJC_ISA_USAGE = YES_ERROR;
				CLANG_WARN_DOCUMENTATION_COMMENTS = YES;
				CLANG_WARN_EMPTY_BODY = YES;
				CLANG_WARN_ENUM_CONVERSION = YES;
				CLANG_WARN_INFINITE_RECURSION = YES;
				CLANG_WARN_INT_CONVERSION = YES;
				CLANG_WARN_NON_LITERAL_NULL_CONVERSION = YES;
				CLANG_WARN_OBJC_IMPLICIT_RETAIN_SELF = YES;
				CLANG_WARN_OBJC_LITERAL_CONVERSION = YES;
				CLANG_WARN_OBJC_ROOT_CLASS = YES_ERROR;
				CLANG_WARN_QUOTED_INCLUDE_IN_FRAMEWORK_HEADER = YES;
				CLANG_WARN_RANGE_LOOP_ANALYSIS = YES;
				CLANG_WARN_STRICT_PROTOTYPES = YES;
				CLANG_WARN_SUSPICIOUS_MOVE = YES;
				CLANG_WARN_UNGUARDED_AVAILABILITY = YES_AGGRESSIVE;
				CLANG_WARN_UNREACHABLE_CODE = YES;
				CLANG_WARN__DUPLICATE_METHOD_MATCH = YES;
				COPY_PHASE_STRIP = NO;
				DEBUG_INFORMATION_FORMAT = dwarf;
				ENABLE_STRICT_OBJC_MSGSEND = YES;
				ENABLE_TESTABILITY = YES;
				GCC_C_LANGUAGE_STANDARD = gnu11;
				GCC_DYNAMIC_NO_PIC = NO;
				GCC_NO_COMMON_BLOCKS = YES;
				GCC_OPTIMIZATION_LEVEL = 0;
				GCC_PREPROCESSOR_DEFINITIONS = (
					"DEBUG=1",
					"$(inherited)",
				);
				GCC_WARN_64_TO_32_BIT_CONVERSION = YES;
				GCC_WARN_ABOUT_RETURN_TYPE = YES_ERROR;
				GCC_WARN_UNDECLARED_SELECTOR = YES;
				GCC_WARN_UNINITIALIZED_AUTOS = YES_AGGRESSIVE;
				GCC_WARN_UNUSED_FUNCTION = YES;
				GCC_WARN_UNUSED_VARIABLE = YES;
				IPHONEOS_DEPLOYMENT_TARGET = 15.0;
				MTL_ENABLE_DEBUG_INFO = INCLUDE_SOURCE;
				MTL_FAST_MATH = YES;
				ONLY_ACTIVE_ARCH = YES;
				SDKROOT = iphoneos;
				SWIFT_ACTIVE_COMPILATION_CONDITIONS = DEBUG;
				SWIFT_OPTIMIZATION_LEVEL = "-Onone";
			};
			name = Debug;
		};
		B56FB7B9270B6CA000922DEE /* Release */ = {
			isa = XCBuildConfiguration;
			buildSettings = {
				ALWAYS_SEARCH_USER_PATHS = NO;
				CLANG_ANALYZER_NONNULL = YES;
				CLANG_ANALYZER_NUMBER_OBJECT_CONVERSION = YES_AGGRESSIVE;
				CLANG_CXX_LANGUAGE_STANDARD = "gnu++17";
				CLANG_CXX_LIBRARY = "libc++";
				CLANG_ENABLE_MODULES = YES;
				CLANG_ENABLE_OBJC_ARC = YES;
				CLANG_ENABLE_OBJC_WEAK = YES;
				CLANG_WARN_BLOCK_CAPTURE_AUTORELEASING = YES;
				CLANG_WARN_BOOL_CONVERSION = YES;
				CLANG_WARN_COMMA = YES;
				CLANG_WARN_CONSTANT_CONVERSION = YES;
				CLANG_WARN_DEPRECATED_OBJC_IMPLEMENTATIONS = YES;
				CLANG_WARN_DIRECT_OBJC_ISA_USAGE = YES_ERROR;
				CLANG_WARN_DOCUMENTATION_COMMENTS = YES;
				CLANG_WARN_EMPTY_BODY = YES;
				CLANG_WARN_ENUM_CONVERSION = YES;
				CLANG_WARN_INFINITE_RECURSION = YES;
				CLANG_WARN_INT_CONVERSION = YES;
				CLANG_WARN_NON_LITERAL_NULL_CONVERSION = YES;
				CLANG_WARN_OBJC_IMPLICIT_RETAIN_SELF = YES;
				CLANG_WARN_OBJC_LITERAL_CONVERSION = YES;
				CLANG_WARN_OBJC_ROOT_CLASS = YES_ERROR;
				CLANG_WARN_QUOTED_INCLUDE_IN_FRAMEWORK_HEADER = YES;
				CLANG_WARN_RANGE_LOOP_ANALYSIS = YES;
				CLANG_WARN_STRICT_PROTOTYPES = YES;
				CLANG_WARN_SUSPICIOUS_MOVE = YES;
				CLANG_WARN_UNGUARDED_AVAILABILITY = YES_AGGRESSIVE;
				CLANG_WARN_UNREACHABLE_CODE = YES;
				CLANG_WARN__DUPLICATE_METHOD_MATCH = YES;
				COPY_PHASE_STRIP = NO;
				DEBUG_INFORMATION_FORMAT = "dwarf-with-dsym";
				ENABLE_NS_ASSERTIONS = NO;
				ENABLE_STRICT_OBJC_MSGSEND = YES;
				GCC_C_LANGUAGE_STANDARD = gnu11;
				GCC_NO_COMMON_BLOCKS = YES;
				GCC_WARN_64_TO_32_BIT_CONVERSION = YES;
				GCC_WARN_ABOUT_RETURN_TYPE = YES_ERROR;
				GCC_WARN_UNDECLARED_SELECTOR = YES;
				GCC_WARN_UNINITIALIZED_AUTOS = YES_AGGRESSIVE;
				GCC_WARN_UNUSED_FUNCTION = YES;
				GCC_WARN_UNUSED_VARIABLE = YES;
				IPHONEOS_DEPLOYMENT_TARGET = 15.0;
				MTL_ENABLE_DEBUG_INFO = NO;
				MTL_FAST_MATH = YES;
				SDKROOT = iphoneos;
				SWIFT_COMPILATION_MODE = wholemodule;
				SWIFT_OPTIMIZATION_LEVEL = "-O";
				VALIDATE_PRODUCT = YES;
			};
			name = Release;
		};
		B56FB7BB270B6CA000922DEE /* Debug */ = {
			isa = XCBuildConfiguration;
			buildSettings = {
				ASSETCATALOG_COMPILER_APPICON_NAME = AppIcon;
				ASSETCATALOG_COMPILER_GLOBAL_ACCENT_COLOR_NAME = AccentColor;
				CODE_SIGN_STYLE = Automatic;
				CURRENT_PROJECT_VERSION = 1;
				DEVELOPMENT_TEAM = ANDCT3J259;
				GENERATE_INFOPLIST_FILE = YES;
				INFOPLIST_FILE = CoreDataDemo/App/Info.plist;
				INFOPLIST_KEY_UIApplicationSupportsIndirectInputEvents = YES;
				INFOPLIST_KEY_UILaunchStoryboardName = LaunchScreen;
				INFOPLIST_KEY_UISupportedInterfaceOrientations_iPad = "UIInterfaceOrientationPortrait UIInterfaceOrientationPortraitUpsideDown UIInterfaceOrientationLandscapeLeft UIInterfaceOrientationLandscapeRight";
				INFOPLIST_KEY_UISupportedInterfaceOrientations_iPhone = "UIInterfaceOrientationPortrait UIInterfaceOrientationLandscapeLeft UIInterfaceOrientationLandscapeRight";
				LD_RUNPATH_SEARCH_PATHS = (
					"$(inherited)",
					"@executable_path/Frameworks",
				);
				MARKETING_VERSION = 1.0;
				PRODUCT_BUNDLE_IDENTIFIER = AlexandrMeyer.CoreDataDemo;
				PRODUCT_NAME = "$(TARGET_NAME)";
				SWIFT_EMIT_LOC_STRINGS = YES;
				SWIFT_VERSION = 5.0;
				TARGETED_DEVICE_FAMILY = 1;
			};
			name = Debug;
		};
		B56FB7BC270B6CA000922DEE /* Release */ = {
			isa = XCBuildConfiguration;
			buildSettings = {
				ASSETCATALOG_COMPILER_APPICON_NAME = AppIcon;
				ASSETCATALOG_COMPILER_GLOBAL_ACCENT_COLOR_NAME = AccentColor;
				CODE_SIGN_STYLE = Automatic;
				CURRENT_PROJECT_VERSION = 1;
				DEVELOPMENT_TEAM = ANDCT3J259;
				GENERATE_INFOPLIST_FILE = YES;
				INFOPLIST_FILE = CoreDataDemo/App/Info.plist;
				INFOPLIST_KEY_UIApplicationSupportsIndirectInputEvents = YES;
				INFOPLIST_KEY_UILaunchStoryboardName = LaunchScreen;
				INFOPLIST_KEY_UISupportedInterfaceOrientations_iPad = "UIInterfaceOrientationPortrait UIInterfaceOrientationPortraitUpsideDown UIInterfaceOrientationLandscapeLeft UIInterfaceOrientationLandscapeRight";
				INFOPLIST_KEY_UISupportedInterfaceOrientations_iPhone = "UIInterfaceOrientationPortrait UIInterfaceOrientationLandscapeLeft UIInterfaceOrientationLandscapeRight";
				LD_RUNPATH_SEARCH_PATHS = (
					"$(inherited)",
					"@executable_path/Frameworks",
				);
				MARKETING_VERSION = 1.0;
				PRODUCT_BUNDLE_IDENTIFIER = AlexandrMeyer.CoreDataDemo;
				PRODUCT_NAME = "$(TARGET_NAME)";
				SWIFT_EMIT_LOC_STRINGS = YES;
				SWIFT_VERSION = 5.0;
				TARGETED_DEVICE_FAMILY = 1;
			};
			name = Release;
		};
/* End XCBuildConfiguration section */

/* Begin XCConfigurationList section */
		B56FB79E270B6C9D00922DEE /* Build configuration list for PBXProject "CoreDataDemo" */ = {
			isa = XCConfigurationList;
			buildConfigurations = (
				B56FB7B8270B6CA000922DEE /* Debug */,
				B56FB7B9270B6CA000922DEE /* Release */,
			);
			defaultConfigurationIsVisible = 0;
			defaultConfigurationName = Release;
		};
		B56FB7BA270B6CA000922DEE /* Build configuration list for PBXNativeTarget "CoreDataDemo" */ = {
			isa = XCConfigurationList;
			buildConfigurations = (
				B56FB7BB270B6CA000922DEE /* Debug */,
				B56FB7BC270B6CA000922DEE /* Release */,
			);
			defaultConfigurationIsVisible = 0;
			defaultConfigurationName = Release;
		};
/* End XCConfigurationList section */

/* Begin XCVersionGroup section */
		B56FB7AF270B6C9D00922DEE /* CoreDataDemo.xcdatamodeld */ = {
			isa = XCVersionGroup;
			children = (
				B56FB7B0270B6C9D00922DEE /* CoreDataDemo.xcdatamodel */,
			);
			currentVersion = B56FB7B0270B6C9D00922DEE /* CoreDataDemo.xcdatamodel */;
			path = CoreDataDemo.xcdatamodeld;
			sourceTree = "<group>";
			versionGroupType = wrapper.xcdatamodel;
		};
/* End XCVersionGroup section */
	};
	rootObject = B56FB79B270B6C9D00922DEE /* Project object */;
}
